
Microsoft Visual Studio Solution File, Format Version 12.00
# Visual Studio Version 17
VisualStudioVersion = 17.0.31903.59
MinimumVisualStudioVersion = 10.0.40219.1
Project("{9A19103F-16F7-4668-BE54-9A1E7A4F7556}") = "DictionaryParserLib", "DictionaryParser\DictionaryParserLib.csproj", "{CBA30ABE-1423-4F31-A4AD-F946C9589A78}"
EndProject
Project("{9A19103F-16F7-4668-BE54-9A1E7A4F7556}") = "DictionaryParserLibTests", "DictionaryParserTests\DictionaryParserLibTests.csproj", "{0F27432F-ABFC-43D4-AC00-360FACDD3E89}"
EndProject
Project("{FAE04EC0-301F-11D3-BF4B-00C04F79EFBC}") = "DictionaryManagerAPI", "DictionaryManagerAPI\DictionaryManagerAPI.csproj", "{BCBCE171-A0DE-42FD-80C5-1FBB4F549791}"
EndProject
Project("{FAE04EC0-301F-11D3-BF4B-00C04F79EFBC}") = "DictionaryManagerApp", "DictionaryManagerApp\DictionaryManagerApp.csproj", "{3446A911-21FD-47CB-97CA-5A3499F18D50}"
EndProject
Global
	GlobalSection(SolutionConfigurationPlatforms) = preSolution
		Debug|Any CPU = Debug|Any CPU
		Release|Any CPU = Release|Any CPU
	EndGlobalSection
	GlobalSection(ProjectConfigurationPlatforms) = postSolution
		{CBA30ABE-1423-4F31-A4AD-F946C9589A78}.Debug|Any CPU.ActiveCfg = Debug|Any CPU
		{CBA30ABE-1423-4F31-A4AD-F946C9589A78}.Debug|Any CPU.Build.0 = Debug|Any CPU
		{CBA30ABE-1423-4F31-A4AD-F946C9589A78}.Release|Any CPU.ActiveCfg = Release|Any CPU
		{CBA30ABE-1423-4F31-A4AD-F946C9589A78}.Release|Any CPU.Build.0 = Release|Any CPU
		{0F27432F-ABFC-43D4-AC00-360FACDD3E89}.Debug|Any CPU.ActiveCfg = Debug|Any CPU
		{0F27432F-ABFC-43D4-AC00-360FACDD3E89}.Debug|Any CPU.Build.0 = Debug|Any CPU
		{0F27432F-ABFC-43D4-AC00-360FACDD3E89}.Release|Any CPU.ActiveCfg = Release|Any CPU
		{0F27432F-ABFC-43D4-AC00-360FACDD3E89}.Release|Any CPU.Build.0 = Release|Any CPU
	EndGlobalSection
	GlobalSection(SolutionProperties) = preSolution
		HideSolutionNode = FALSE
	EndGlobalSection
	GlobalSection(ExtensibilityGlobals) = postSolution
		SolutionGuid = {EF224D8A-D8E8-4212-9EA6-59E0E5309F79}
	EndGlobalSection
EndGlobal
